
Microsoft Visual Studio Solution File, Format Version 12.00
# Visual Studio 15
VisualStudioVersion = 15.0.27703.2035
MinimumVisualStudioVersion = 10.0.40219.1
Project("{FAE04EC0-301F-11D3-BF4B-00C04F79EFBC}") = "Kata.Tennis.Tests", "Kata.Tennis.Tests\Kata.Tennis.Tests.csproj", "{CDA3B13A-217E-4CCC-B078-94B8AF89831D}"
EndProject
Project("{FAE04EC0-301F-11D3-BF4B-00C04F79EFBC}") = "Kata.Tennis", "Kata.Tennis\Kata.Tennis.csproj", "{F5FEF289-5A47-427D-961B-D90A16EBEEFB}"
EndProject
Global
	GlobalSection(SolutionConfigurationPlatforms) = preSolution
		Debug|Any CPU = Debug|Any CPU
		Release|Any CPU = Release|Any CPU
	EndGlobalSection
	GlobalSection(ProjectConfigurationPlatforms) = postSolution
		{CDA3B13A-217E-4CCC-B078-94B8AF89831D}.Debug|Any CPU.ActiveCfg = Debug|Any CPU
		{CDA3B13A-217E-4CCC-B078-94B8AF89831D}.Debug|Any CPU.Build.0 = Debug|Any CPU
		{CDA3B13A-217E-4CCC-B078-94B8AF89831D}.Release|Any CPU.ActiveCfg = Release|Any CPU
		{CDA3B13A-217E-4CCC-B078-94B8AF89831D}.Release|Any CPU.Build.0 = Release|Any CPU
		{F5FEF289-5A47-427D-961B-D90A16EBEEFB}.Debug|Any CPU.ActiveCfg = Debug|Any CPU
		{F5FEF289-5A47-427D-961B-D90A16EBEEFB}.Debug|Any CPU.Build.0 = Debug|Any CPU
		{F5FEF289-5A47-427D-961B-D90A16EBEEFB}.Release|Any CPU.ActiveCfg = Release|Any CPU
		{F5FEF289-5A47-427D-961B-D90A16EBEEFB}.Release|Any CPU.Build.0 = Release|Any CPU
	EndGlobalSection
	GlobalSection(SolutionProperties) = preSolution
		HideSolutionNode = FALSE
	EndGlobalSection
	GlobalSection(ExtensibilityGlobals) = postSolution
		SolutionGuid = {30FA7259-7EEE-4AEA-8383-9D3A40DB986D}
	EndGlobalSection
EndGlobal
